PODS:
  - SnapKit (4.0.1)
  - UIGradient (1.2.0)

DEPENDENCIES:
  - SnapKit (~> 4.0)
  - UIGradient (~> 1.2.0)

SPEC REPOS:
  https://github.com/cocoapods/specs.git:
    - SnapKit
    - UIGradient

SPEC CHECKSUMS:
  SnapKit: 0de968a9fec17499afa29683b05d0c775b6d1c29
  UIGradient: 48439bb1662c937b9a3d8b954712d0db5096372e

PODFILE CHECKSUM: 7d3a14bdae21856e1ee57014c8b33045960a56ff

COCOAPODS: 1.5.3
